<Solution>
  <Project Path="ExcelInsights.Api/ExcelInsights.Api.csproj" />
  <Project Path="ExcelInsights.Application/ExcelInsights.Application.csproj" />
  <Project Path="ExcelInsights.Domain/ExcelInsights.Domain.csproj" />
  <Project Path="ExcelInsights.Infrastructure/ExcelInsights.Infrastructure.csproj" />
</Solution>
